
Microsoft Visual Studio Solution File, Format Version 12.00
# Visual Studio Version 17
VisualStudioVersion = 17.8.34309.116
MinimumVisualStudioVersion = 10.0.40219.1
Project("{FAE04EC0-301F-11D3-BF4B-00C04F79EFBC}") = "ByteBuddy", "ByteBuddy\ByteBuddy.csproj", "{AE35B9E9-DB4D-4A90-B245-F606CB4A01A6}"
EndProject
Global
	GlobalSection(SolutionConfigurationPlatforms) = preSolution
		Debug|Any CPU = Debug|Any CPU
		Release|Any CPU = Release|Any CPU
	EndGlobalSection
	GlobalSection(ProjectConfigurationPlatforms) = postSolution
		{AE35B9E9-DB4D-4A90-B245-F606CB4A01A6}.Debug|Any CPU.ActiveCfg = Debug|Any CPU
		{AE35B9E9-DB4D-4A90-B245-F606CB4A01A6}.Debug|Any CPU.Build.0 = Debug|Any CPU
		{AE35B9E9-DB4D-4A90-B245-F606CB4A01A6}.Release|Any CPU.ActiveCfg = Release|Any CPU
		{AE35B9E9-DB4D-4A90-B245-F606CB4A01A6}.Release|Any CPU.Build.0 = Release|Any CPU
	EndGlobalSection
	GlobalSection(SolutionProperties) = preSolution
		HideSolutionNode = FALSE
	EndGlobalSection
	GlobalSection(ExtensibilityGlobals) = postSolution
		SolutionGuid = {79499BF7-F8EE-45DA-8E40-70D0BBBA1BB6}
	EndGlobalSection
EndGlobal
